// !$*UTF8*$!
{
	archiveVersion = 1;
	classes = {
	};
	objectVersion = 50;
	objects = {

/* Begin PBXBuildFile section */
		CF2C2824217BE3B900396568 /* CityTableViewCell.swift in Sources */ = {isa = PBXBuildFile; fileRef = CF2C2823217BE3B900396568 /* CityTableViewCell.swift */; };
		CFADAE9D217A88A800E7DCB1 /* AppDelegate.swift in Sources */ = {isa = PBXBuildFile; fileRef = CFADAE9C217A88A800E7DCB1 /* AppDelegate.swift */; };
		CFADAE9F217A88A800E7DCB1 /* ViewController.swift in Sources */ = {isa = PBXBuildFile; fileRef = CFADAE9E217A88A800E7DCB1 /* ViewController.swift */; };
		CFADAEA2217A88A800E7DCB1 /* Main.storyboard in Resources */ = {isa = PBXBuildFile; fileRef = CFADAEA0217A88A800E7DCB1 /* Main.storyboard */; };
		CFADAEA5217A88A800E7DCB1 /* Lab5.xcdatamodeld in Sources */ = {isa = PBXBuildFile; fileRef = CFADAEA3217A88A800E7DCB1 /* Lab5.xcdatamodeld */; };
		CFADAEA7217A88A800E7DCB1 /* Assets.xcassets in Resources */ = {isa = PBXBuildFile; fileRef = CFADAEA6217A88A800E7DCB1 /* Assets.xcassets */; };
		CFADAEAA217A88A800E7DCB1 /* LaunchScreen.storyboard in Resources */ = {isa = PBXBuildFile; fileRef = CFADAEA8217A88A800E7DCB1 /* LaunchScreen.storyboard */; };
		CFADAEB6217A8AD100E7DCB1 /* CityModel.swift in Sources */ = {isa = PBXBuildFile; fileRef = CFADAEB5217A8AD100E7DCB1 /* CityModel.swift */; };
		CFADAEBA217A8AF100E7DCB1 /* DetailedViewController.swift in Sources */ = {isa = PBXBuildFile; fileRef = CFADAEB9217A8AF100E7DCB1 /* DetailedViewController.swift */; };
		CFBC4C3D217C4630009A0C22 /* CityEntity+CoreDataClass.swift in Sources */ = {isa = PBXBuildFile; fileRef = CFBC4C3B217C4630009A0C22 /* CityEntity+CoreDataClass.swift */; };
		CFBC4C3E217C4630009A0C22 /* CityEntity+CoreDataProperties.swift in Sources */ = {isa = PBXBuildFile; fileRef = CFBC4C3C217C4630009A0C22 /* CityEntity+CoreDataProperties.swift */; };
/* End PBXBuildFile section */

/* Begin PBXFileReference section */
		CF2C2823217BE3B900396568 /* CityTableViewCell.swift */ = {isa = PBXFileReference; lastKnownFileType = sourcecode.swift; path = CityTableViewCell.swift; sourceTree = "<group>"; };
		CFADAE99217A88A800E7DCB1 /* Lab5.app */ = {isa = PBXFileReference; explicitFileType = wrapper.application; includeInIndex = 0; path = Lab5.app; sourceTree = BUILT_PRODUCTS_DIR; };
		CFADAE9C217A88A800E7DCB1 /* AppDelegate.swift */ = {isa = PBXFileReference; lastKnownFileType = sourcecode.swift; path = AppDelegate.swift; sourceTree = "<group>"; };
		CFADAE9E217A88A800E7DCB1 /* ViewController.swift */ = {isa = PBXFileReference; lastKnownFileType = sourcecode.swift; path = ViewController.swift; sourceTree = "<group>"; };
		CFADAEA1217A88A800E7DCB1 /* Base */ = {isa = PBXFileReference; lastKnownFileType = file.storyboard; name = Base; path = Base.lproj/Main.storyboard; sourceTree = "<group>"; };
		CFADAEA4217A88A800E7DCB1 /* Lab5.xcdatamodel */ = {isa = PBXFileReference; lastKnownFileType = wrapper.xcdatamodel; path = Lab5.xcdatamodel; sourceTree = "<group>"; };
		CFADAEA6217A88A800E7DCB1 /* Assets.xcassets */ = {isa = PBXFileReference; lastKnownFileType = folder.assetcatalog; path = Assets.xcassets; sourceTree = "<group>"; };
		CFADAEA9217A88A800E7DCB1 /* Base */ = {isa = PBXFileReference; lastKnownFileType = file.storyboard; name = Base; path = Base.lproj/LaunchScreen.storyboard; sourceTree = "<group>"; };
		CFADAEAB217A88A800E7DCB1 /* Info.plist */ = {isa = PBXFileReference; lastKnownFileType = text.plist.xml; path = Info.plist; sourceTree = "<group>"; };
		CFADAEB5217A8AD100E7DCB1 /* CityModel.swift */ = {isa = PBXFileReference; lastKnownFileType = sourcecode.swift; path = CityModel.swift; sourceTree = "<group>"; };
		CFADAEB9217A8AF100E7DCB1 /* DetailedViewController.swift */ = {isa = PBXFileReference; lastKnownFileType = sourcecode.swift; path = DetailedViewController.swift; sourceTree = "<group>"; };
		CFBC4C3B217C4630009A0C22 /* CityEntity+CoreDataClass.swift */ = {isa = PBXFileReference; lastKnownFileType = sourcecode.swift; path = "CityEntity+CoreDataClass.swift"; sourceTree = "<group>"; };
		CFBC4C3C217C4630009A0C22 /* CityEntity+CoreDataProperties.swift */ = {isa = PBXFileReference; lastKnownFileType = sourcecode.swift; path = "CityEntity+CoreDataProperties.swift"; sourceTree = "<group>"; };
/* End PBXFileReference section */

/* Begin PBXFrameworksBuildPhase section */
		CFADAE96217A88A800E7DCB1 /* Frameworks */ = {
			isa = PBXFrameworksBuildPhase;
			buildActionMask = 2147483647;
			files = (
			);
			runOnlyForDeploymentPostprocessing = 0;
		};
/* End PBXFrameworksBuildPhase section */

/* Begin PBXGroup section */
		CFADAE90217A88A800E7DCB1 = {
			isa = PBXGroup;
			children = (
				CFBC4C3B217C4630009A0C22 /* CityEntity+CoreDataClass.swift */,
				CFBC4C3C217C4630009A0C22 /* CityEntity+CoreDataProperties.swift */,
				CFADAE9B217A88A800E7DCB1 /* Lab5 */,
				CFADAE9A217A88A800E7DCB1 /* Products */,
			);
			sourceTree = "<group>";
		};
		CFADAE9A217A88A800E7DCB1 /* Products */ = {
			isa = PBXGroup;
			children = (
				CFADAE99217A88A800E7DCB1 /* Lab5.app */,
			);
			name = Products;
			sourceTree = "<group>";
		};
		CFADAE9B217A88A800E7DCB1 /* Lab5 */ = {
			isa = PBXGroup;
			children = (
				CF2C2823217BE3B900396568 /* CityTableViewCell.swift */,
				CFADAE9C217A88A800E7DCB1 /* AppDelegate.swift */,
				CFADAE9E217A88A800E7DCB1 /* ViewController.swift */,
				CFADAEA0217A88A800E7DCB1 /* Main.storyboard */,
				CFADAEA6217A88A800E7DCB1 /* Assets.xcassets */,
				CFADAEA8217A88A800E7DCB1 /* LaunchScreen.storyboard */,
				CFADAEAB217A88A800E7DCB1 /* Info.plist */,
				CFADAEA3217A88A800E7DCB1 /* Lab5.xcdatamodeld */,
				CFADAEB5217A8AD100E7DCB1 /* CityModel.swift */,
				CFADAEB9217A8AF100E7DCB1 /* DetailedViewController.swift */,
			);
			path = Lab5;
			sourceTree = "<group>";
		};
/* End PBXGroup section */

/* Begin PBXNativeTarget section */
		CFADAE98217A88A800E7DCB1 /* Lab5 */ = {
			isa = PBXNativeTarget;
			buildConfigurationList = CFADAEAE217A88A800E7DCB1 /* Build configuration list for PBXNativeTarget "Lab5" */;
			buildPhases = (
				CFADAE95217A88A800E7DCB1 /* Sources */,
				CFADAE96217A88A800E7DCB1 /* Frameworks */,
				CFADAE97217A88A800E7DCB1 /* Resources */,
			);
			buildRules = (
			);
			dependencies = (
			);
			name = Lab5;
			productName = Lab5;
			productReference = CFADAE99217A88A800E7DCB1 /* Lab5.app */;
			productType = "com.apple.product-type.application";
		};
/* End PBXNativeTarget section */

/* Begin PBXProject section */
		CFADAE91217A88A800E7DCB1 /* Project object */ = {
			isa = PBXProject;
			attributes = {
				LastSwiftUpdateCheck = 1000;
				LastUpgradeCheck = 1000;
				ORGANIZATIONNAME = "Kathy Nguyen";
				TargetAttributes = {
					CFADAE98217A88A800E7DCB1 = {
						CreatedOnToolsVersion = 10.0;
					};
				};
			};
			buildConfigurationList = CFADAE94217A88A800E7DCB1 /* Build configuration list for PBXProject "Lab5" */;
			compatibilityVersion = "Xcode 9.3";
			developmentRegion = en;
			hasScannedForEncodings = 0;
			knownRegions = (
				en,
				Base,
			);
			mainGroup = CFADAE90217A88A800E7DCB1;
			productRefGroup = CFADAE9A217A88A800E7DCB1 /* Products */;
			projectDirPath = "";
			projectRoot = "";
			targets = (
				CFADAE98217A88A800E7DCB1 /* Lab5 */,
			);
		};
/* End PBXProject section */

/* Begin PBXResourcesBuildPhase section */
		CFADAE97217A88A800E7DCB1 /* Resources */ = {
			isa = PBXResourcesBuildPhase;
			buildActionMask = 2147483647;
			files = (
				CFADAEAA217A88A800E7DCB1 /* LaunchScreen.storyboard in Resources */,
				CFADAEA7217A88A800E7DCB1 /* Assets.xcassets in Resources */,
				CFADAEA2217A88A800E7DCB1 /* Main.storyboard in Resources */,
			);
			runOnlyForDeploymentPostprocessing = 0;
		};
/* End PBXResourcesBuildPhase section */

/* Begin PBXSourcesBuildPhase section */
		CFADAE95217A88A800E7DCB1 /* Sources */ = {
			isa = PBXSourcesBuildPhase;
			buildActionMask = 2147483647;
			files = (
				CFADAEBA217A8AF100E7DCB1 /* DetailedViewController.swift in Sources */,
				CFADAE9F217A88A800E7DCB1 /* ViewController.swift in Sources */,
				CFBC4C3D217C4630009A0C22 /* CityEntity+CoreDataClass.swift in Sources */,
				CFADAEB6217A8AD100E7DCB1 /* CityModel.swift in Sources */,
				CFADAEA5217A88A800E7DCB1 /* Lab5.xcdatamodeld in Sources */,
				CFADAE9D217A88A800E7DCB1 /* AppDelegate.swift in Sources */,
				CF2C2824217BE3B900396568 /* CityTableViewCell.swift in Sources */,
				CFBC4C3E217C4630009A0C22 /* CityEntity+CoreDataProperties.swift in Sources */,
			);
			runOnlyForDeploymentPostprocessing = 0;
		};
/* End PBXSourcesBuildPhase section */

/* Begin PBXVariantGroup section */
		CFADAEA0217A88A800E7DCB1 /* Main.storyboard */ = {
			isa = PBXVariantGroup;
			children = (
				CFADAEA1217A88A800E7DCB1 /* Base */,
			);
			name = Main.storyboard;
			sourceTree = "<group>";
		};
		CFADAEA8217A88A800E7DCB1 /* LaunchScreen.storyboard */ = {
			isa = PBXVariantGroup;
			children = (
				CFADAEA9217A88A800E7DCB1 /* Base */,
			);
			name = LaunchScreen.storyboard;
			sourceTree = "<group>";
		};
/* End PBXVariantGroup section */

/* Begin XCBuildConfiguration section */
		CFADAEAC217A88A800E7DCB1 /* Debug */ = {
			isa = XCBuildConfiguration;
			buildSettings = {
				ALWAYS_SEARCH_USER_PATHS = NO;
				CLANG_ANALYZER_NONNULL = YES;
				CLANG_ANALYZER_NUMBER_OBJECT_CONVERSION = YES_AGGRESSIVE;
				CLANG_CXX_LANGUAGE_STANDARD = "gnu++14";
				CLANG_CXX_LIBRARY = "libc++";
				CLANG_ENABLE_MODULES = YES;
				CLANG_ENABLE_OBJC_ARC = YES;
				CLANG_ENABLE_OBJC_WEAK = YES;
				CLANG_WARN_BLOCK_CAPTURE_AUTORELEASING = YES;
				CLANG_WARN_BOOL_CONVERSION = YES;
				CLANG_WARN_COMMA = YES;
				CLANG_WARN_CONSTANT_CONVERSION = YES;
				CLANG_WARN_DEPRECATED_OBJC_IMPLEMENTATIONS = YES;
				CLANG_WARN_DIRECT_OBJC_ISA_USAGE = YES_ERROR;
				CLANG_WARN_DOCUMENTATION_COMMENTS = YES;
				CLANG_WARN_EMPTY_BODY = YES;
				CLANG_WARN_ENUM_CONVERSION = YES;
				CLANG_WARN_INFINITE_RECURSION = YES;
				CLANG_WARN_INT_CONVERSION = YES;
				CLANG_WARN_NON_LITERAL_NULL_CONVERSION = YES;
				CLANG_WARN_OBJC_IMPLICIT_RETAIN_SELF = YES;
				CLANG_WARN_OBJC_LITERAL_CONVERSION = YES;
				CLANG_WARN_OBJC_ROOT_CLASS = YES_ERROR;
				CLANG_WARN_RANGE_LOOP_ANALYSIS = YES;
				CLANG_WARN_STRICT_PROTOTYPES = YES;
				CLANG_WARN_SUSPICIOUS_MOVE = YES;
				CLANG_WARN_UNGUARDED_AVAILABILITY = YES_AGGRESSIVE;
				CLANG_WARN_UNREACHABLE_CODE = YES;
				CLANG_WARN__DUPLICATE_METHOD_MATCH = YES;
				CODE_SIGN_IDENTITY = "iPhone Developer";
				COPY_PHASE_STRIP = NO;
				DEBUG_INFORMATION_FORMAT = dwarf;
				ENABLE_STRICT_OBJC_MSGSEND = YES;
				ENABLE_TESTABILITY = YES;
				GCC_C_LANGUAGE_STANDARD = gnu11;
				GCC_DYNAMIC_NO_PIC = NO;
				GCC_NO_COMMON_BLOCKS = YES;
				GCC_OPTIMIZATION_LEVEL = 0;
				GCC_PREPROCESSOR_DEFINITIONS = (
					"DEBUG=1",
					"$(inherited)",
				);
				GCC_WARN_64_TO_32_BIT_CONVERSION = YES;
				GCC_WARN_ABOUT_RETURN_TYPE = YES_ERROR;
				GCC_WARN_UNDECLARED_SELECTOR = YES;
				GCC_WARN_UNINITIALIZED_AUTOS = YES_AGGRESSIVE;
				GCC_WARN_UNUSED_FUNCTION = YES;
				GCC_WARN_UNUSED_VARIABLE = YES;
				IPHONEOS_DEPLOYMENT_TARGET = 12.0;
				MTL_ENABLE_DEBUG_INFO = INCLUDE_SOURCE;
				MTL_FAST_MATH = YES;
				ONLY_ACTIVE_ARCH = YES;
				SDKROOT = iphoneos;
				SWIFT_ACTIVE_COMPILATION_CONDITIONS = DEBUG;
				SWIFT_OPTIMIZATION_LEVEL = "-Onone";
			};
			name = Debug;
		};
		CFADAEAD217A88A800E7DCB1 /* Release */ = {
			isa = XCBuildConfiguration;
			buildSettings = {
				ALWAYS_SEARCH_USER_PATHS = NO;
				CLANG_ANALYZER_NONNULL = YES;
				CLANG_ANALYZER_NUMBER_OBJECT_CONVERSION = YES_AGGRESSIVE;
				CLANG_CXX_LANGUAGE_STANDARD = "gnu++14";
				CLANG_CXX_LIBRARY = "libc++";
				CLANG_ENABLE_MODULES = YES;
				CLANG_ENABLE_OBJC_ARC = YES;
				CLANG_ENABLE_OBJC_WEAK = YES;
				CLANG_WARN_BLOCK_CAPTURE_AUTORELEASING = YES;
				CLANG_WARN_BOOL_CONVERSION = YES;
				CLANG_WARN_COMMA = YES;
				CLANG_WARN_CONSTANT_CONVERSION = YES;
				CLANG_WARN_DEPRECATED_OBJC_IMPLEMENTATIONS = YES;
				CLANG_WARN_DIRECT_OBJC_ISA_USAGE = YES_ERROR;
				CLANG_WARN_DOCUMENTATION_COMMENTS = YES;
				CLANG_WARN_EMPTY_BODY = YES;
				CLANG_WARN_ENUM_CONVERSION = YES;
				CLANG_WARN_INFINITE_RECURSION = YES;
				CLANG_WARN_INT_CONVERSION = YES;
				CLANG_WARN_NON_LITERAL_NULL_CONVERSION = YES;
				CLANG_WARN_OBJC_IMPLICIT_RETAIN_SELF = YES;
				CLANG_WARN_OBJC_LITERAL_CONVERSION = YES;
				CLANG_WARN_OBJC_ROOT_CLASS = YES_ERROR;
				CLANG_WARN_RANGE_LOOP_ANALYSIS = YES;
				CLANG_WARN_STRICT_PROTOTYPES = YES;
				CLANG_WARN_SUSPICIOUS_MOVE = YES;
				CLANG_WARN_UNGUARDED_AVAILABILITY = YES_AGGRESSIVE;
				CLANG_WARN_UNREACHABLE_CODE = YES;
				CLANG_WARN__DUPLICATE_METHOD_MATCH = YES;
				CODE_SIGN_IDENTITY = "iPhone Developer";
				COPY_PHASE_STRIP = NO;
				DEBUG_INFORMATION_FORMAT = "dwarf-with-dsym";
				ENABLE_NS_ASSERTIONS = NO;
				ENABLE_STRICT_OBJC_MSGSEND = YES;
				GCC_C_LANGUAGE_STANDARD = gnu11;
				GCC_NO_COMMON_BLOCKS = YES;
				GCC_WARN_64_TO_32_BIT_CONVERSION = YES;
				GCC_WARN_ABOUT_RETURN_TYPE = YES_ERROR;
				GCC_WARN_UNDECLARED_SELECTOR = YES;
				GCC_WARN_UNINITIALIZED_AUTOS = YES_AGGRESSIVE;
				GCC_WARN_UNUSED_FUNCTION = YES;
				GCC_WARN_UNUSED_VARIABLE = YES;
				IPHONEOS_DEPLOYMENT_TARGET = 12.0;
				MTL_ENABLE_DEBUG_INFO = NO;
				MTL_FAST_MATH = YES;
				SDKROOT = iphoneos;
				SWIFT_COMPILATION_MODE = wholemodule;
				SWIFT_OPTIMIZATION_LEVEL = "-O";
				VALIDATE_PRODUCT = YES;
			};
			name = Release;
		};
		CFADAEAF217A88A800E7DCB1 /* Debug */ = {
			isa = XCBuildConfiguration;
			buildSettings = {
				ASSETCATALOG_COMPILER_APPICON_NAME = AppIcon;
				CODE_SIGN_STYLE = Automatic;
				INFOPLIST_FILE = Lab5/Info.plist;
				LD_RUNPATH_SEARCH_PATHS = (
					"$(inherited)",
					"@executable_path/Frameworks",
				);
				PRODUCT_BUNDLE_IDENTIFIER = cse335.Lab5;
				PRODUCT_MODULE_NAME = "$(PRODUCT_NAME:c99extidentifier)";
				PRODUCT_NAME = "$(TARGET_NAME)";
				SWIFT_VERSION = 4.2;
				TARGETED_DEVICE_FAMILY = "1,2";
			};
			name = Debug;
		};
		CFADAEB0217A88A800E7DCB1 /* Release */ = {
			isa = XCBuildConfiguration;
			buildSettings = {
				ASSETCATALOG_COMPILER_APPICON_NAME = AppIcon;
				CODE_SIGN_STYLE = Automatic;
				INFOPLIST_FILE = Lab5/Info.plist;
				LD_RUNPATH_SEARCH_PATHS = (
					"$(inherited)",
					"@executable_path/Frameworks",
				);
				PRODUCT_BUNDLE_IDENTIFIER = cse335.Lab5;
				PRODUCT_MODULE_NAME = "$(PRODUCT_NAME:c99extidentifier)";
				PRODUCT_NAME = "$(TARGET_NAME)";
				SWIFT_VERSION = 4.2;
				TARGETED_DEVICE_FAMILY = "1,2";
			};
			name = Release;
		};
/* End XCBuildConfiguration section */

/* Begin XCConfigurationList section */
		CFADAE94217A88A800E7DCB1 /* Build configuration list for PBXProject "Lab5" */ = {
			isa = XCConfigurationList;
			buildConfigurations = (
				CFADAEAC217A88A800E7DCB1 /* Debug */,
				CFADAEAD217A88A800E7DCB1 /* Release */,
			);
			defaultConfigurationIsVisible = 0;
			defaultConfigurationName = Release;
		};
		CFADAEAE217A88A800E7DCB1 /* Build configuration list for PBXNativeTarget "Lab5" */ = {
			isa = XCConfigurationList;
			buildConfigurations = (
				CFADAEAF217A88A800E7DCB1 /* Debug */,
				CFADAEB0217A88A800E7DCB1 /* Release */,
			);
			defaultConfigurationIsVisible = 0;
			defaultConfigurationName = Release;
		};
/* End XCConfigurationList section */

/* Begin XCVersionGroup section */
		CFADAEA3217A88A800E7DCB1 /* Lab5.xcdatamodeld */ = {
			isa = XCVersionGroup;
			children = (
				CFADAEA4217A88A800E7DCB1 /* Lab5.xcdatamodel */,
			);
			currentVersion = CFADAEA4217A88A800E7DCB1 /* Lab5.xcdatamodel */;
			path = Lab5.xcdatamodeld;
			sourceTree = "<group>";
			versionGroupType = wrapper.xcdatamodel;
		};
/* End XCVersionGroup section */
	};
	rootObject = CFADAE91217A88A800E7DCB1 /* Project object */;
}
